
Microsoft Visual Studio Solution File, Format Version 12.00
# Visual Studio Version 17
VisualStudioVersion = 17.8.34525.116
MinimumVisualStudioVersion = 10.0.40219.1
Project("{FAE04EC0-301F-11D3-BF4B-00C04F79EFBC}") = "UserService", "TaskOne\UserService\UserService.csproj", "{4E15C9C0-3BF5-42AB-ABBA-6A37F62C9F7B}"
EndProject
Project("{FAE04EC0-301F-11D3-BF4B-00C04F79EFBC}") = "PhotoService", "TaskOne\PhotoService\PhotoService.csproj", "{93275B44-7716-4B29-83C9-B1AF67A55A3C}"
EndProject
Global
	GlobalSection(SolutionConfigurationPlatforms) = preSolution
		Debug|Any CPU = Debug|Any CPU
		Release|Any CPU = Release|Any CPU
	EndGlobalSection
	GlobalSection(ProjectConfigurationPlatforms) = postSolution
		{4E15C9C0-3BF5-42AB-ABBA-6A37F62C9F7B}.Debug|Any CPU.ActiveCfg = Debug|Any CPU
		{4E15C9C0-3BF5-42AB-ABBA-6A37F62C9F7B}.Debug|Any CPU.Build.0 = Debug|Any CPU
		{4E15C9C0-3BF5-42AB-ABBA-6A37F62C9F7B}.Release|Any CPU.ActiveCfg = Release|Any CPU
		{4E15C9C0-3BF5-42AB-ABBA-6A37F62C9F7B}.Release|Any CPU.Build.0 = Release|Any CPU
		{93275B44-7716-4B29-83C9-B1AF67A55A3C}.Debug|Any CPU.ActiveCfg = Debug|Any CPU
		{93275B44-7716-4B29-83C9-B1AF67A55A3C}.Debug|Any CPU.Build.0 = Debug|Any CPU
		{93275B44-7716-4B29-83C9-B1AF67A55A3C}.Release|Any CPU.ActiveCfg = Release|Any CPU
		{93275B44-7716-4B29-83C9-B1AF67A55A3C}.Release|Any CPU.Build.0 = Release|Any CPU
	EndGlobalSection
	GlobalSection(SolutionProperties) = preSolution
		HideSolutionNode = FALSE
	EndGlobalSection
	GlobalSection(ExtensibilityGlobals) = postSolution
		SolutionGuid = {0D1CF96D-884B-4D7C-A3C8-3E259A2687D8}
	EndGlobalSection
EndGlobal
